
Microsoft Visual Studio Solution File, Format Version 12.00
# Visual Studio Version 17
VisualStudioVersion = 17.11.35327.3
MinimumVisualStudioVersion = 10.0.40219.1
Project("{2150E333-8FDC-42A3-9474-1A3956D46DE8}") = "FrontEnd", "FrontEnd", "{7EEF875C-FF0E-405D-8FE0-A68B2563804F}"
EndProject
Project("{2150E333-8FDC-42A3-9474-1A3956D46DE8}") = "Gateway", "Gateway", "{8972CE4D-BFD0-46F3-A6BC-7D7823D8DD45}"
EndProject
Project("{2150E333-8FDC-42A3-9474-1A3956D46DE8}") = "Integration", "Integration", "{8DF20E82-0DDE-48CE-B48F-5C808529969A}"
EndProject
Project("{2150E333-8FDC-42A3-9474-1A3956D46DE8}") = "Services", "Services", "{6F2F4C33-F5A4-4490-81E8-4CA660A64BA6}"
EndProject
Project("{FAE04EC0-301F-11D3-BF4B-00C04F79EFBC}") = "Mango.Services.CouponAPI", "Mango.Services.CouponAPI\Mango.Services.CouponAPI.csproj", "{6655037A-364C-4904-AD8B-18AA7821123C}"
EndProject
Global
	GlobalSection(SolutionConfigurationPlatforms) = preSolution
		Debug|Any CPU = Debug|Any CPU
		Release|Any CPU = Release|Any CPU
	EndGlobalSection
	GlobalSection(ProjectConfigurationPlatforms) = postSolution
		{6655037A-364C-4904-AD8B-18AA7821123C}.Debug|Any CPU.ActiveCfg = Debug|Any CPU
		{6655037A-364C-4904-AD8B-18AA7821123C}.Debug|Any CPU.Build.0 = Debug|Any CPU
		{6655037A-364C-4904-AD8B-18AA7821123C}.Release|Any CPU.ActiveCfg = Release|Any CPU
		{6655037A-364C-4904-AD8B-18AA7821123C}.Release|Any CPU.Build.0 = Release|Any CPU
	EndGlobalSection
	GlobalSection(SolutionProperties) = preSolution
		HideSolutionNode = FALSE
	EndGlobalSection
	GlobalSection(NestedProjects) = preSolution
		{6655037A-364C-4904-AD8B-18AA7821123C} = {6F2F4C33-F5A4-4490-81E8-4CA660A64BA6}
	EndGlobalSection
	GlobalSection(ExtensibilityGlobals) = postSolution
		SolutionGuid = {94A834EC-95D5-4815-A05F-E7C6965D71AC}
	EndGlobalSection
EndGlobal
